
Microsoft Visual Studio Solution File, Format Version 12.00
# Visual Studio Version 16
VisualStudioVersion = 16.0.31402.337
MinimumVisualStudioVersion = 10.0.40219.1
Project("{FAE04EC0-301F-11D3-BF4B-00C04F79EFBC}") = "YemekTarif", "YemekTarif\YemekTarif.csproj", "{106E1BC4-F295-4BD1-B094-14455A4B0F47}"
EndProject
Global
	GlobalSection(SolutionConfigurationPlatforms) = preSolution
		Debug|Any CPU = Debug|Any CPU
		Release|Any CPU = Release|Any CPU
	EndGlobalSection
	GlobalSection(ProjectConfigurationPlatforms) = postSolution
		{106E1BC4-F295-4BD1-B094-14455A4B0F47}.Debug|Any CPU.ActiveCfg = Debug|Any CPU
		{106E1BC4-F295-4BD1-B094-14455A4B0F47}.Debug|Any CPU.Build.0 = Debug|Any CPU
		{106E1BC4-F295-4BD1-B094-14455A4B0F47}.Release|Any CPU.ActiveCfg = Release|Any CPU
		{106E1BC4-F295-4BD1-B094-14455A4B0F47}.Release|Any CPU.Build.0 = Release|Any CPU
	EndGlobalSection
	GlobalSection(SolutionProperties) = preSolution
		HideSolutionNode = FALSE
	EndGlobalSection
	GlobalSection(ExtensibilityGlobals) = postSolution
		SolutionGuid = {07EEF3E8-1AC1-4F39-A4B0-224609E411D8}
	EndGlobalSection
EndGlobal
